// !$*UTF8*$!
{
	archiveVersion = 1;
	classes = {
	};
	objectVersion = 50;
	objects = {

/* Begin PBXBuildFile section */
		F184ACE4251079E100C9FCA6 /* AppDelegate.swift in Sources */ = {isa = PBXBuildFile; fileRef = F184ACE3251079E100C9FCA6 /* AppDelegate.swift */; };
		F184ACE6251079E100C9FCA6 /* SceneDelegate.swift in Sources */ = {isa = PBXBuildFile; fileRef = F184ACE5251079E100C9FCA6 /* SceneDelegate.swift */; };
		F184ACE8251079E100C9FCA6 /* ShulteVC.swift in Sources */ = {isa = PBXBuildFile; fileRef = F184ACE7251079E100C9FCA6 /* ShulteVC.swift */; };
		F184ACEE251079E100C9FCA6 /* Shulte.xcdatamodeld in Sources */ = {isa = PBXBuildFile; fileRef = F184ACEC251079E100C9FCA6 /* Shulte.xcdatamodeld */; };
		F184ACF0251079E200C9FCA6 /* Assets.xcassets in Resources */ = {isa = PBXBuildFile; fileRef = F184ACEF251079E200C9FCA6 /* Assets.xcassets */; };
		F184ACF3251079E200C9FCA6 /* LaunchScreen.storyboard in Resources */ = {isa = PBXBuildFile; fileRef = F184ACF1251079E200C9FCA6 /* LaunchScreen.storyboard */; };
		F1EC3903263AADB9004FF93C /* ShulteVC+makeTableShulte.swift in Sources */ = {isa = PBXBuildFile; fileRef = F1EC3902263AADB9004FF93C /* ShulteVC+makeTableShulte.swift */; };
		F1EC3907263AB19F004FF93C /* ShulteVC+makeButtons.swift in Sources */ = {isa = PBXBuildFile; fileRef = F1EC3906263AB19F004FF93C /* ShulteVC+makeButtons.swift */; };
		F1EC390C263AC172004FF93C /* CustomButton.swift in Sources */ = {isa = PBXBuildFile; fileRef = F1EC390B263AC172004FF93C /* CustomButton.swift */; };
		F1EC390F263AC2AB004FF93C /* RoundedButton.swift in Sources */ = {isa = PBXBuildFile; fileRef = F1EC390E263AC2AB004FF93C /* RoundedButton.swift */; };
		F1EC3912263AC466004FF93C /* CustomLabel.swift in Sources */ = {isa = PBXBuildFile; fileRef = F1EC3911263AC466004FF93C /* CustomLabel.swift */; };
		F1EC3915263AC4E6004FF93C /* trash.swift in Sources */ = {isa = PBXBuildFile; fileRef = F1EC3914263AC4E6004FF93C /* trash.swift */; };
		F1EC3918263AC619004FF93C /* RoundedLabel.swift in Sources */ = {isa = PBXBuildFile; fileRef = F1EC3917263AC619004FF93C /* RoundedLabel.swift */; };
		F1EC391D263B60FC004FF93C /* ShulteVC+game.swift in Sources */ = {isa = PBXBuildFile; fileRef = F1EC391C263B60FC004FF93C /* ShulteVC+game.swift */; };
		F1EC3920263B62D2004FF93C /* ShulteVC+objc.swift in Sources */ = {isa = PBXBuildFile; fileRef = F1EC391F263B62D2004FF93C /* ShulteVC+objc.swift */; };
		F1EC3923263C18D5004FF93C /* TableShulteView.swift in Sources */ = {isa = PBXBuildFile; fileRef = F1EC3922263C18D5004FF93C /* TableShulteView.swift */; };
		F479390827C29F5C003C3972 /* PersistenceController.swift in Sources */ = {isa = PBXBuildFile; fileRef = F479390727C29F5C003C3972 /* PersistenceController.swift */; };
		F4AE182727BEBB2F00D3FC54 /* SegmentedSizeChoise.swift in Sources */ = {isa = PBXBuildFile; fileRef = F4AE182627BEBB2F00D3FC54 /* SegmentedSizeChoise.swift */; };
		F4AE182B27BEFD4A00D3FC54 /* GameModel.swift in Sources */ = {isa = PBXBuildFile; fileRef = F4AE182A27BEFD4A00D3FC54 /* GameModel.swift */; };
		F4AE182D27BF036800D3FC54 /* LayoutManager.swift in Sources */ = {isa = PBXBuildFile; fileRef = F4AE182C27BF036800D3FC54 /* LayoutManager.swift */; };
		F4AE182F27BF068500D3FC54 /* LabelShulte.swift in Sources */ = {isa = PBXBuildFile; fileRef = F4AE182E27BF068500D3FC54 /* LabelShulte.swift */; };
/* End PBXBuildFile section */

/* Begin PBXFileReference section */
		F184ACE0251079E100C9FCA6 /* Shulte.app */ = {isa = PBXFileReference; explicitFileType = wrapper.application; includeInIndex = 0; path = Shulte.app; sourceTree = BUILT_PRODUCTS_DIR; };
		F184ACE3251079E100C9FCA6 /* AppDelegate.swift */ = {isa = PBXFileReference; lastKnownFileType = sourcecode.swift; path = AppDelegate.swift; sourceTree = "<group>"; };
		F184ACE5251079E100C9FCA6 /* SceneDelegate.swift */ = {isa = PBXFileReference; lastKnownFileType = sourcecode.swift; path = SceneDelegate.swift; sourceTree = "<group>"; };
		F184ACE7251079E100C9FCA6 /* ShulteVC.swift */ = {isa = PBXFileReference; lastKnownFileType = sourcecode.swift; path = ShulteVC.swift; sourceTree = "<group>"; };
		F184ACED251079E100C9FCA6 /* Shulte.xcdatamodel */ = {isa = PBXFileReference; lastKnownFileType = wrapper.xcdatamodel; path = Shulte.xcdatamodel; sourceTree = "<group>"; };
		F184ACEF251079E200C9FCA6 /* Assets.xcassets */ = {isa = PBXFileReference; lastKnownFileType = folder.assetcatalog; path = Assets.xcassets; sourceTree = "<group>"; };
		F184ACF2251079E200C9FCA6 /* Base */ = {isa = PBXFileReference; lastKnownFileType = file.storyboard; name = Base; path = Base.lproj/LaunchScreen.storyboard; sourceTree = "<group>"; };
		F184ACF4251079E200C9FCA6 /* Info.plist */ = {isa = PBXFileReference; lastKnownFileType = text.plist.xml; path = Info.plist; sourceTree = "<group>"; };
		F1EC3902263AADB9004FF93C /* ShulteVC+makeTableShulte.swift */ = {isa = PBXFileReference; lastKnownFileType = sourcecode.swift; path = "ShulteVC+makeTableShulte.swift"; sourceTree = "<group>"; };
		F1EC3906263AB19F004FF93C /* ShulteVC+makeButtons.swift */ = {isa = PBXFileReference; lastKnownFileType = sourcecode.swift; path = "ShulteVC+makeButtons.swift"; sourceTree = "<group>"; };
		F1EC390B263AC172004FF93C /* CustomButton.swift */ = {isa = PBXFileReference; lastKnownFileType = sourcecode.swift; path = CustomButton.swift; sourceTree = "<group>"; };
		F1EC390E263AC2AB004FF93C /* RoundedButton.swift */ = {isa = PBXFileReference; lastKnownFileType = sourcecode.swift; path = RoundedButton.swift; sourceTree = "<group>"; };
		F1EC3911263AC466004FF93C /* CustomLabel.swift */ = {isa = PBXFileReference; lastKnownFileType = sourcecode.swift; path = CustomLabel.swift; sourceTree = "<group>"; };
		F1EC3914263AC4E6004FF93C /* trash.swift */ = {isa = PBXFileReference; lastKnownFileType = sourcecode.swift; path = trash.swift; sourceTree = "<group>"; };
		F1EC3917263AC619004FF93C /* RoundedLabel.swift */ = {isa = PBXFileReference; lastKnownFileType = sourcecode.swift; path = RoundedLabel.swift; sourceTree = "<group>"; };
		F1EC391C263B60FC004FF93C /* ShulteVC+game.swift */ = {isa = PBXFileReference; lastKnownFileType = sourcecode.swift; path = "ShulteVC+game.swift"; sourceTree = "<group>"; };
		F1EC391F263B62D2004FF93C /* ShulteVC+objc.swift */ = {isa = PBXFileReference; lastKnownFileType = sourcecode.swift; path = "ShulteVC+objc.swift"; sourceTree = "<group>"; };
		F1EC3922263C18D5004FF93C /* TableShulteView.swift */ = {isa = PBXFileReference; lastKnownFileType = sourcecode.swift; path = TableShulteView.swift; sourceTree = "<group>"; };
		F479390727C29F5C003C3972 /* PersistenceController.swift */ = {isa = PBXFileReference; lastKnownFileType = sourcecode.swift; path = PersistenceController.swift; sourceTree = "<group>"; };
		F4AE182627BEBB2F00D3FC54 /* SegmentedSizeChoise.swift */ = {isa = PBXFileReference; lastKnownFileType = sourcecode.swift; path = SegmentedSizeChoise.swift; sourceTree = "<group>"; };
		F4AE182A27BEFD4A00D3FC54 /* GameModel.swift */ = {isa = PBXFileReference; lastKnownFileType = sourcecode.swift; path = GameModel.swift; sourceTree = "<group>"; };
		F4AE182C27BF036800D3FC54 /* LayoutManager.swift */ = {isa = PBXFileReference; lastKnownFileType = sourcecode.swift; path = LayoutManager.swift; sourceTree = "<group>"; };
		F4AE182E27BF068500D3FC54 /* LabelShulte.swift */ = {isa = PBXFileReference; lastKnownFileType = sourcecode.swift; path = LabelShulte.swift; sourceTree = "<group>"; };
/* End PBXFileReference section */

/* Begin PBXFrameworksBuildPhase section */
		F184ACDD251079E100C9FCA6 /* Frameworks */ = {
			isa = PBXFrameworksBuildPhase;
			buildActionMask = 2147483647;
			files = (
			);
			runOnlyForDeploymentPostprocessing = 0;
		};
/* End PBXFrameworksBuildPhase section */

/* Begin PBXGroup section */
		F184ACD7251079E100C9FCA6 = {
			isa = PBXGroup;
			children = (
				F184ACE2251079E100C9FCA6 /* Shulte */,
				F184ACE1251079E100C9FCA6 /* Products */,
			);
			sourceTree = "<group>";
		};
		F184ACE1251079E100C9FCA6 /* Products */ = {
			isa = PBXGroup;
			children = (
				F184ACE0251079E100C9FCA6 /* Shulte.app */,
			);
			name = Products;
			sourceTree = "<group>";
		};
		F184ACE2251079E100C9FCA6 /* Shulte */ = {
			isa = PBXGroup;
			children = (
				F479390227C2946D003C3972 /* View */,
				F479390127C29459003C3972 /* ViewModel */,
				F479390627C29F38003C3972 /* Model */,
				F184ACE3251079E100C9FCA6 /* AppDelegate.swift */,
				F184ACE5251079E100C9FCA6 /* SceneDelegate.swift */,
				F1EC3914263AC4E6004FF93C /* trash.swift */,
				F184ACEF251079E200C9FCA6 /* Assets.xcassets */,
				F184ACF1251079E200C9FCA6 /* LaunchScreen.storyboard */,
				F184ACF4251079E200C9FCA6 /* Info.plist */,
				F184ACEC251079E100C9FCA6 /* Shulte.xcdatamodeld */,
			);
			path = Shulte;
			sourceTree = "<group>";
		};
		F479390127C29459003C3972 /* ViewModel */ = {
			isa = PBXGroup;
			children = (
				F4AE182A27BEFD4A00D3FC54 /* GameModel.swift */,
				F4AE182C27BF036800D3FC54 /* LayoutManager.swift */,
			);
			path = ViewModel;
			sourceTree = "<group>";
		};
		F479390227C2946D003C3972 /* View */ = {
			isa = PBXGroup;
			children = (
				F479390527C29497003C3972 /* Custom */,
				F479390427C2947C003C3972 /* ShulteVC */,
			);
			path = View;
			sourceTree = "<group>";
		};
		F479390427C2947C003C3972 /* ShulteVC */ = {
			isa = PBXGroup;
			children = (
				F184ACE7251079E100C9FCA6 /* ShulteVC.swift */,
				F1EC3922263C18D5004FF93C /* TableShulteView.swift */,
				F1EC391F263B62D2004FF93C /* ShulteVC+objc.swift */,
				F1EC391C263B60FC004FF93C /* ShulteVC+game.swift */,
				F1EC3902263AADB9004FF93C /* ShulteVC+makeTableShulte.swift */,
				F1EC3906263AB19F004FF93C /* ShulteVC+makeButtons.swift */,
				F4AE182627BEBB2F00D3FC54 /* SegmentedSizeChoise.swift */,
				F4AE182E27BF068500D3FC54 /* LabelShulte.swift */,
			);
			path = ShulteVC;
			sourceTree = "<group>";
		};
		F479390527C29497003C3972 /* Custom */ = {
			isa = PBXGroup;
			children = (
				F1EC390B263AC172004FF93C /* CustomButton.swift */,
				F1EC390E263AC2AB004FF93C /* RoundedButton.swift */,
				F1EC3911263AC466004FF93C /* CustomLabel.swift */,
				F1EC3917263AC619004FF93C /* RoundedLabel.swift */,
			);
			path = Custom;
			sourceTree = "<group>";
		};
		F479390627C29F38003C3972 /* Model */ = {
			isa = PBXGroup;
			children = (
				F479390727C29F5C003C3972 /* PersistenceController.swift */,
			);
			path = Model;
			sourceTree = "<group>";
		};
/* End PBXGroup section */

/* Begin PBXNativeTarget section */
		F184ACDF251079E100C9FCA6 /* Shulte */ = {
			isa = PBXNativeTarget;
			buildConfigurationList = F184ACF7251079E200C9FCA6 /* Build configuration list for PBXNativeTarget "Shulte" */;
			buildPhases = (
				F184ACDC251079E100C9FCA6 /* Sources */,
				F184ACDD251079E100C9FCA6 /* Frameworks */,
				F184ACDE251079E100C9FCA6 /* Resources */,
			);
			buildRules = (
			);
			dependencies = (
			);
			name = Shulte;
			productName = Shulte;
			productReference = F184ACE0251079E100C9FCA6 /* Shulte.app */;
			productType = "com.apple.product-type.application";
		};
/* End PBXNativeTarget section */

/* Begin PBXProject section */
		F184ACD8251079E100C9FCA6 /* Project object */ = {
			isa = PBXProject;
			attributes = {
				LastSwiftUpdateCheck = 1170;
				LastUpgradeCheck = 1240;
				ORGANIZATIONNAME = "Марк Акиваев";
				TargetAttributes = {
					F184ACDF251079E100C9FCA6 = {
						CreatedOnToolsVersion = 11.7;
					};
				};
			};
			buildConfigurationList = F184ACDB251079E100C9FCA6 /* Build configuration list for PBXProject "Shulte" */;
			compatibilityVersion = "Xcode 9.3";
			developmentRegion = en;
			hasScannedForEncodings = 0;
			knownRegions = (
				en,
				Base,
			);
			mainGroup = F184ACD7251079E100C9FCA6;
			productRefGroup = F184ACE1251079E100C9FCA6 /* Products */;
			projectDirPath = "";
			projectRoot = "";
			targets = (
				F184ACDF251079E100C9FCA6 /* Shulte */,
			);
		};
/* End PBXProject section */

/* Begin PBXResourcesBuildPhase section */
		F184ACDE251079E100C9FCA6 /* Resources */ = {
			isa = PBXResourcesBuildPhase;
			buildActionMask = 2147483647;
			files = (
				F184ACF3251079E200C9FCA6 /* LaunchScreen.storyboard in Resources */,
				F184ACF0251079E200C9FCA6 /* Assets.xcassets in Resources */,
			);
			runOnlyForDeploymentPostprocessing = 0;
		};
/* End PBXResourcesBuildPhase section */

/* Begin PBXSourcesBuildPhase section */
		F184ACDC251079E100C9FCA6 /* Sources */ = {
			isa = PBXSourcesBuildPhase;
			buildActionMask = 2147483647;
			files = (
				F1EC3923263C18D5004FF93C /* TableShulteView.swift in Sources */,
				F4AE182F27BF068500D3FC54 /* LabelShulte.swift in Sources */,
				F479390827C29F5C003C3972 /* PersistenceController.swift in Sources */,
				F1EC3915263AC4E6004FF93C /* trash.swift in Sources */,
				F184ACEE251079E100C9FCA6 /* Shulte.xcdatamodeld in Sources */,
				F4AE182D27BF036800D3FC54 /* LayoutManager.swift in Sources */,
				F1EC3912263AC466004FF93C /* CustomLabel.swift in Sources */,
				F1EC391D263B60FC004FF93C /* ShulteVC+game.swift in Sources */,
				F4AE182B27BEFD4A00D3FC54 /* GameModel.swift in Sources */,
				F184ACE8251079E100C9FCA6 /* ShulteVC.swift in Sources */,
				F1EC3920263B62D2004FF93C /* ShulteVC+objc.swift in Sources */,
				F184ACE4251079E100C9FCA6 /* AppDelegate.swift in Sources */,
				F1EC390F263AC2AB004FF93C /* RoundedButton.swift in Sources */,
				F1EC3918263AC619004FF93C /* RoundedLabel.swift in Sources */,
				F1EC3907263AB19F004FF93C /* ShulteVC+makeButtons.swift in Sources */,
				F1EC390C263AC172004FF93C /* CustomButton.swift in Sources */,
				F1EC3903263AADB9004FF93C /* ShulteVC+makeTableShulte.swift in Sources */,
				F4AE182727BEBB2F00D3FC54 /* SegmentedSizeChoise.swift in Sources */,
				F184ACE6251079E100C9FCA6 /* SceneDelegate.swift in Sources */,
			);
			runOnlyForDeploymentPostprocessing = 0;
		};
/* End PBXSourcesBuildPhase section */

/* Begin PBXVariantGroup section */
		F184ACF1251079E200C9FCA6 /* LaunchScreen.storyboard */ = {
			isa = PBXVariantGroup;
			children = (
				F184ACF2251079E200C9FCA6 /* Base */,
			);
			name = LaunchScreen.storyboard;
			sourceTree = "<group>";
		};
/* End PBXVariantGroup section */

/* Begin XCBuildConfiguration section */
		F184ACF5251079E200C9FCA6 /* Debug */ = {
			isa = XCBuildConfiguration;
			buildSettings = {
				ALWAYS_SEARCH_USER_PATHS = NO;
				CLANG_ANALYZER_NONNULL = YES;
				CLANG_ANALYZER_NUMBER_OBJECT_CONVERSION = YES_AGGRESSIVE;
				CLANG_CXX_LANGUAGE_STANDARD = "gnu++14";
				CLANG_CXX_LIBRARY = "libc++";
				CLANG_ENABLE_MODULES = YES;
				CLANG_ENABLE_OBJC_ARC = YES;
				CLANG_ENABLE_OBJC_WEAK = YES;
				CLANG_WARN_BLOCK_CAPTURE_AUTORELEASING = YES;
				CLANG_WARN_BOOL_CONVERSION = YES;
				CLANG_WARN_COMMA = YES;
				CLANG_WARN_CONSTANT_CONVERSION = YES;
				CLANG_WARN_DEPRECATED_OBJC_IMPLEMENTATIONS = YES;
				CLANG_WARN_DIRECT_OBJC_ISA_USAGE = YES_ERROR;
				CLANG_WARN_DOCUMENTATION_COMMENTS = YES;
				CLANG_WARN_EMPTY_BODY = YES;
				CLANG_WARN_ENUM_CONVERSION = YES;
				CLANG_WARN_INFINITE_RECURSION = YES;
				CLANG_WARN_INT_CONVERSION = YES;
				CLANG_WARN_NON_LITERAL_NULL_CONVERSION = YES;
				CLANG_WARN_OBJC_IMPLICIT_RETAIN_SELF = YES;
				CLANG_WARN_OBJC_LITERAL_CONVERSION = YES;
				CLANG_WARN_OBJC_ROOT_CLASS = YES_ERROR;
				CLANG_WARN_QUOTED_INCLUDE_IN_FRAMEWORK_HEADER = YES;
				CLANG_WARN_RANGE_LOOP_ANALYSIS = YES;
				CLANG_WARN_STRICT_PROTOTYPES = YES;
				CLANG_WARN_SUSPICIOUS_MOVE = YES;
				CLANG_WARN_UNGUARDED_AVAILABILITY = YES_AGGRESSIVE;
				CLANG_WARN_UNREACHABLE_CODE = YES;
				CLANG_WARN__DUPLICATE_METHOD_MATCH = YES;
				COPY_PHASE_STRIP = NO;
				DEBUG_INFORMATION_FORMAT = dwarf;
				ENABLE_STRICT_OBJC_MSGSEND = YES;
				ENABLE_TESTABILITY = YES;
				GCC_C_LANGUAGE_STANDARD = gnu11;
				GCC_DYNAMIC_NO_PIC = NO;
				GCC_NO_COMMON_BLOCKS = YES;
				GCC_OPTIMIZATION_LEVEL = 0;
				GCC_PREPROCESSOR_DEFINITIONS = (
					"DEBUG=1",
					"$(inherited)",
				);
				GCC_WARN_64_TO_32_BIT_CONVERSION = YES;
				GCC_WARN_ABOUT_RETURN_TYPE = YES_ERROR;
				GCC_WARN_UNDECLARED_SELECTOR = YES;
				GCC_WARN_UNINITIALIZED_AUTOS = YES_AGGRESSIVE;
				GCC_WARN_UNUSED_FUNCTION = YES;
				GCC_WARN_UNUSED_VARIABLE = YES;
				IPHONEOS_DEPLOYMENT_TARGET = 13.5;
				MTL_ENABLE_DEBUG_INFO = INCLUDE_SOURCE;
				MTL_FAST_MATH = YES;
				ONLY_ACTIVE_ARCH = YES;
				SDKROOT = iphoneos;
				SWIFT_ACTIVE_COMPILATION_CONDITIONS = DEBUG;
				SWIFT_OPTIMIZATION_LEVEL = "-Onone";
			};
			name = Debug;
		};
		F184ACF6251079E200C9FCA6 /* Release */ = {
			isa = XCBuildConfiguration;
			buildSettings = {
				ALWAYS_SEARCH_USER_PATHS = NO;
				CLANG_ANALYZER_NONNULL = YES;
				CLANG_ANALYZER_NUMBER_OBJECT_CONVERSION = YES_AGGRESSIVE;
				CLANG_CXX_LANGUAGE_STANDARD = "gnu++14";
				CLANG_CXX_LIBRARY = "libc++";
				CLANG_ENABLE_MODULES = YES;
				CLANG_ENABLE_OBJC_ARC = YES;
				CLANG_ENABLE_OBJC_WEAK = YES;
				CLANG_WARN_BLOCK_CAPTURE_AUTORELEASING = YES;
				CLANG_WARN_BOOL_CONVERSION = YES;
				CLANG_WARN_COMMA = YES;
				CLANG_WARN_CONSTANT_CONVERSION = YES;
				CLANG_WARN_DEPRECATED_OBJC_IMPLEMENTATIONS = YES;
				CLANG_WARN_DIRECT_OBJC_ISA_USAGE = YES_ERROR;
				CLANG_WARN_DOCUMENTATION_COMMENTS = YES;
				CLANG_WARN_EMPTY_BODY = YES;
				CLANG_WARN_ENUM_CONVERSION = YES;
				CLANG_WARN_INFINITE_RECURSION = YES;
				CLANG_WARN_INT_CONVERSION = YES;
				CLANG_WARN_NON_LITERAL_NULL_CONVERSION = YES;
				CLANG_WARN_OBJC_IMPLICIT_RETAIN_SELF = YES;
				CLANG_WARN_OBJC_LITERAL_CONVERSION = YES;
				CLANG_WARN_OBJC_ROOT_CLASS = YES_ERROR;
				CLANG_WARN_QUOTED_INCLUDE_IN_FRAMEWORK_HEADER = YES;
				CLANG_WARN_RANGE_LOOP_ANALYSIS = YES;
				CLANG_WARN_STRICT_PROTOTYPES = YES;
				CLANG_WARN_SUSPICIOUS_MOVE = YES;
				CLANG_WARN_UNGUARDED_AVAILABILITY = YES_AGGRESSIVE;
				CLANG_WARN_UNREACHABLE_CODE = YES;
				CLANG_WARN__DUPLICATE_METHOD_MATCH = YES;
				COPY_PHASE_STRIP = NO;
				DEBUG_INFORMATION_FORMAT = "dwarf-with-dsym";
				ENABLE_NS_ASSERTIONS = NO;
				ENABLE_STRICT_OBJC_MSGSEND = YES;
				GCC_C_LANGUAGE_STANDARD = gnu11;
				GCC_NO_COMMON_BLOCKS = YES;
				GCC_WARN_64_TO_32_BIT_CONVERSION = YES;
				GCC_WARN_ABOUT_RETURN_TYPE = YES_ERROR;
				GCC_WARN_UNDECLARED_SELECTOR = YES;
				GCC_WARN_UNINITIALIZED_AUTOS = YES_AGGRESSIVE;
				GCC_WARN_UNUSED_FUNCTION = YES;
				GCC_WARN_UNUSED_VARIABLE = YES;
				IPHONEOS_DEPLOYMENT_TARGET = 13.5;
				MTL_ENABLE_DEBUG_INFO = NO;
				MTL_FAST_MATH = YES;
				SDKROOT = iphoneos;
				SWIFT_COMPILATION_MODE = wholemodule;
				SWIFT_OPTIMIZATION_LEVEL = "-O";
				VALIDATE_PRODUCT = YES;
			};
			name = Release;
		};
		F184ACF8251079E200C9FCA6 /* Debug */ = {
			isa = XCBuildConfiguration;
			buildSettings = {
				ASSETCATALOG_COMPILER_APPICON_NAME = AppIcon;
				CODE_SIGN_STYLE = Automatic;
				DEVELOPMENT_TEAM = LHGQDA3AMG;
				INFOPLIST_FILE = Shulte/Info.plist;
				IPHONEOS_DEPLOYMENT_TARGET = 13.6;
				LD_RUNPATH_SEARCH_PATHS = (
					"$(inherited)",
					"@executable_path/Frameworks",
				);
				PRODUCT_BUNDLE_IDENTIFIER = OrgM.Shulte;
				PRODUCT_NAME = "$(TARGET_NAME)";
				SWIFT_VERSION = 5.0;
				TARGETED_DEVICE_FAMILY = "1,2";
			};
			name = Debug;
		};
		F184ACF9251079E200C9FCA6 /* Release */ = {
			isa = XCBuildConfiguration;
			buildSettings = {
				ASSETCATALOG_COMPILER_APPICON_NAME = AppIcon;
				CODE_SIGN_STYLE = Automatic;
				DEVELOPMENT_TEAM = LHGQDA3AMG;
				INFOPLIST_FILE = Shulte/Info.plist;
				IPHONEOS_DEPLOYMENT_TARGET = 13.6;
				LD_RUNPATH_SEARCH_PATHS = (
					"$(inherited)",
					"@executable_path/Frameworks",
				);
				PRODUCT_BUNDLE_IDENTIFIER = OrgM.Shulte;
				PRODUCT_NAME = "$(TARGET_NAME)";
				SWIFT_VERSION = 5.0;
				TARGETED_DEVICE_FAMILY = "1,2";
			};
			name = Release;
		};
/* End XCBuildConfiguration section */

/* Begin XCConfigurationList section */
		F184ACDB251079E100C9FCA6 /* Build configuration list for PBXProject "Shulte" */ = {
			isa = XCConfigurationList;
			buildConfigurations = (
				F184ACF5251079E200C9FCA6 /* Debug */,
				F184ACF6251079E200C9FCA6 /* Release */,
			);
			defaultConfigurationIsVisible = 0;
			defaultConfigurationName = Release;
		};
		F184ACF7251079E200C9FCA6 /* Build configuration list for PBXNativeTarget "Shulte" */ = {
			isa = XCConfigurationList;
			buildConfigurations = (
				F184ACF8251079E200C9FCA6 /* Debug */,
				F184ACF9251079E200C9FCA6 /* Release */,
			);
			defaultConfigurationIsVisible = 0;
			defaultConfigurationName = Release;
		};
/* End XCConfigurationList section */

/* Begin XCVersionGroup section */
		F184ACEC251079E100C9FCA6 /* Shulte.xcdatamodeld */ = {
			isa = XCVersionGroup;
			children = (
				F184ACED251079E100C9FCA6 /* Shulte.xcdatamodel */,
			);
			currentVersion = F184ACED251079E100C9FCA6 /* Shulte.xcdatamodel */;
			path = Shulte.xcdatamodeld;
			sourceTree = "<group>";
			versionGroupType = wrapper.xcdatamodel;
		};
/* End XCVersionGroup section */
	};
	rootObject = F184ACD8251079E100C9FCA6 /* Project object */;
}
